// !$*UTF8*$!
{
	archiveVersion = 1;
	classes = {
	};
	objectVersion = 56;
	objects = {

/* Begin PBXBuildFile section */
		010C8D662AACECD8001674BF /* ProfileHeader.swift in Sources */ = {isa = PBXBuildFile; fileRef = 010C8D652AACECD8001674BF /* ProfileHeader.swift */; };
		0123B8722AA0C143009D7C7D /* extensions.swift in Sources */ = {isa = PBXBuildFile; fileRef = 0123B8712AA0C143009D7C7D /* extensions.swift */; };
		0124983B2ADD27D300255472 /* PostModel.swift in Sources */ = {isa = PBXBuildFile; fileRef = 0124983A2ADD27D300255472 /* PostModel.swift */; };
		013D17CA2AC5C36E00AC9745 /* SharePostViewController.swift in Sources */ = {isa = PBXBuildFile; fileRef = 013D17C92AC5C36E00AC9745 /* SharePostViewController.swift */; };
		0141D5322AC05379007E2FFD /* SelectPhotoViewController.swift in Sources */ = {isa = PBXBuildFile; fileRef = 0141D5312AC05379007E2FFD /* SelectPhotoViewController.swift */; };
		0142C8DD2AA1C987006062C4 /* FirebaseAuth in Frameworks */ = {isa = PBXBuildFile; productRef = 0142C8DC2AA1C987006062C4 /* FirebaseAuth */; };
		0142C8DF2AA1C987006062C4 /* FirebaseDatabase in Frameworks */ = {isa = PBXBuildFile; productRef = 0142C8DE2AA1C987006062C4 /* FirebaseDatabase */; };
		0142C8E12AA1C987006062C4 /* FirebaseStorage in Frameworks */ = {isa = PBXBuildFile; productRef = 0142C8E02AA1C987006062C4 /* FirebaseStorage */; };
		0166B6B42AB4BD3200359449 /* LoginViewController.swift in Sources */ = {isa = PBXBuildFile; fileRef = 0166B6B32AB4BD3200359449 /* LoginViewController.swift */; };
		01708B832AA38BF100A151C4 /* MainTabBarController.swift in Sources */ = {isa = PBXBuildFile; fileRef = 01708B822AA38BF100A151C4 /* MainTabBarController.swift */; };
		01708B852AA38D0B00A151C4 /* ProfileViewController.swift in Sources */ = {isa = PBXBuildFile; fileRef = 01708B842AA38D0B00A151C4 /* ProfileViewController.swift */; };
		01708B872AA3969D00A151C4 /* PostsViewController.swift in Sources */ = {isa = PBXBuildFile; fileRef = 01708B862AA3969D00A151C4 /* PostsViewController.swift */; };
		01A1809C2AC7DF80008A80C2 /* ProfilePostPhotoCell.swift in Sources */ = {isa = PBXBuildFile; fileRef = 01A1809B2AC7DF80008A80C2 /* ProfilePostPhotoCell.swift */; };
		01A180A02AC8874B008A80C2 /* CustomImageView.swift in Sources */ = {isa = PBXBuildFile; fileRef = 01A1809F2AC8874B008A80C2 /* CustomImageView.swift */; };
		01AB06992AD6C673005E64B7 /* PhotoCell.swift in Sources */ = {isa = PBXBuildFile; fileRef = 01AB06982AD6C673005E64B7 /* PhotoCell.swift */; };
		01BA89EE2AC4159B00E0670A /* SelectedImageHeaderCell.swift in Sources */ = {isa = PBXBuildFile; fileRef = 01BA89ED2AC4159B00E0670A /* SelectedImageHeaderCell.swift */; };
		01C121B62AA0652900AA8823 /* AppDelegate.swift in Sources */ = {isa = PBXBuildFile; fileRef = 01C121B52AA0652900AA8823 /* AppDelegate.swift */; };
		01C121B82AA0652900AA8823 /* SceneDelegate.swift in Sources */ = {isa = PBXBuildFile; fileRef = 01C121B72AA0652900AA8823 /* SceneDelegate.swift */; };
		01C121BA2AA0652900AA8823 /* SignUpViewController.swift in Sources */ = {isa = PBXBuildFile; fileRef = 01C121B92AA0652900AA8823 /* SignUpViewController.swift */; };
		01C121BF2AA0652A00AA8823 /* Assets.xcassets in Resources */ = {isa = PBXBuildFile; fileRef = 01C121BE2AA0652A00AA8823 /* Assets.xcassets */; };
		01C121C22AA0652A00AA8823 /* LaunchScreen.storyboard in Resources */ = {isa = PBXBuildFile; fileRef = 01C121C02AA0652A00AA8823 /* LaunchScreen.storyboard */; };
		01D1A8922AC145AC00092150 /* SelectPhotoCell.swift in Sources */ = {isa = PBXBuildFile; fileRef = 01D1A8912AC145AC00092150 /* SelectPhotoCell.swift */; };
		01F610AC2ACD981200298FA9 /* GoogleService-Info.plist in Resources */ = {isa = PBXBuildFile; fileRef = 01F610AB2ACD981200298FA9 /* GoogleService-Info.plist */; };
/* End PBXBuildFile section */

/* Begin PBXFileReference section */
		010C8D652AACECD8001674BF /* ProfileHeader.swift */ = {isa = PBXFileReference; lastKnownFileType = sourcecode.swift; path = ProfileHeader.swift; sourceTree = "<group>"; };
		0123B8712AA0C143009D7C7D /* extensions.swift */ = {isa = PBXFileReference; lastKnownFileType = sourcecode.swift; path = extensions.swift; sourceTree = "<group>"; };
		0124983A2ADD27D300255472 /* PostModel.swift */ = {isa = PBXFileReference; lastKnownFileType = sourcecode.swift; path = PostModel.swift; sourceTree = "<group>"; };
		013D17C92AC5C36E00AC9745 /* SharePostViewController.swift */ = {isa = PBXFileReference; lastKnownFileType = sourcecode.swift; path = SharePostViewController.swift; sourceTree = "<group>"; };
		0141D5312AC05379007E2FFD /* SelectPhotoViewController.swift */ = {isa = PBXFileReference; lastKnownFileType = sourcecode.swift; path = SelectPhotoViewController.swift; sourceTree = "<group>"; };
		0166B6B32AB4BD3200359449 /* LoginViewController.swift */ = {isa = PBXFileReference; lastKnownFileType = sourcecode.swift; path = LoginViewController.swift; sourceTree = "<group>"; };
		01708B822AA38BF100A151C4 /* MainTabBarController.swift */ = {isa = PBXFileReference; lastKnownFileType = sourcecode.swift; path = MainTabBarController.swift; sourceTree = "<group>"; };
		01708B842AA38D0B00A151C4 /* ProfileViewController.swift */ = {isa = PBXFileReference; lastKnownFileType = sourcecode.swift; path = ProfileViewController.swift; sourceTree = "<group>"; };
		01708B862AA3969D00A151C4 /* PostsViewController.swift */ = {isa = PBXFileReference; lastKnownFileType = sourcecode.swift; path = PostsViewController.swift; sourceTree = "<group>"; };
		01A1809B2AC7DF80008A80C2 /* ProfilePostPhotoCell.swift */ = {isa = PBXFileReference; lastKnownFileType = sourcecode.swift; path = ProfilePostPhotoCell.swift; sourceTree = "<group>"; };
		01A1809F2AC8874B008A80C2 /* CustomImageView.swift */ = {isa = PBXFileReference; lastKnownFileType = sourcecode.swift; path = CustomImageView.swift; sourceTree = "<group>"; };
		01AB06982AD6C673005E64B7 /* PhotoCell.swift */ = {isa = PBXFileReference; lastKnownFileType = sourcecode.swift; path = PhotoCell.swift; sourceTree = "<group>"; };
		01BA89ED2AC4159B00E0670A /* SelectedImageHeaderCell.swift */ = {isa = PBXFileReference; lastKnownFileType = sourcecode.swift; path = SelectedImageHeaderCell.swift; sourceTree = "<group>"; };
		01C121B22AA0652900AA8823 /* InstagramClone.app */ = {isa = PBXFileReference; explicitFileType = wrapper.application; includeInIndex = 0; path = InstagramClone.app; sourceTree = BUILT_PRODUCTS_DIR; };
		01C121B52AA0652900AA8823 /* AppDelegate.swift */ = {isa = PBXFileReference; lastKnownFileType = sourcecode.swift; path = AppDelegate.swift; sourceTree = "<group>"; };
		01C121B72AA0652900AA8823 /* SceneDelegate.swift */ = {isa = PBXFileReference; lastKnownFileType = sourcecode.swift; path = SceneDelegate.swift; sourceTree = "<group>"; };
		01C121B92AA0652900AA8823 /* SignUpViewController.swift */ = {isa = PBXFileReference; lastKnownFileType = sourcecode.swift; path = SignUpViewController.swift; sourceTree = "<group>"; };
		01C121BE2AA0652A00AA8823 /* Assets.xcassets */ = {isa = PBXFileReference; lastKnownFileType = folder.assetcatalog; path = Assets.xcassets; sourceTree = "<group>"; };
		01C121C12AA0652A00AA8823 /* Base */ = {isa = PBXFileReference; lastKnownFileType = file.storyboard; name = Base; path = Base.lproj/LaunchScreen.storyboard; sourceTree = "<group>"; };
		01C121C32AA0652A00AA8823 /* Info.plist */ = {isa = PBXFileReference; lastKnownFileType = text.plist.xml; path = Info.plist; sourceTree = "<group>"; };
		01D1A8912AC145AC00092150 /* SelectPhotoCell.swift */ = {isa = PBXFileReference; lastKnownFileType = sourcecode.swift; path = SelectPhotoCell.swift; sourceTree = "<group>"; };
		01F610AB2ACD981200298FA9 /* GoogleService-Info.plist */ = {isa = PBXFileReference; fileEncoding = 4; lastKnownFileType = text.plist.xml; path = "GoogleService-Info.plist"; sourceTree = "<group>"; };
/* End PBXFileReference section */

/* Begin PBXFrameworksBuildPhase section */
		01C121AF2AA0652900AA8823 /* Frameworks */ = {
			isa = PBXFrameworksBuildPhase;
			buildActionMask = 2147483647;
			files = (
				0142C8DF2AA1C987006062C4 /* FirebaseDatabase in Frameworks */,
				0142C8DD2AA1C987006062C4 /* FirebaseAuth in Frameworks */,
				0142C8E12AA1C987006062C4 /* FirebaseStorage in Frameworks */,
			);
			runOnlyForDeploymentPostprocessing = 0;
		};
/* End PBXFrameworksBuildPhase section */

/* Begin PBXGroup section */
		010C8D632AACDEAB001674BF /* UserProfile */ = {
			isa = PBXGroup;
			children = (
				01708B842AA38D0B00A151C4 /* ProfileViewController.swift */,
				010C8D652AACECD8001674BF /* ProfileHeader.swift */,
				01A1809B2AC7DF80008A80C2 /* ProfilePostPhotoCell.swift */,
			);
			path = UserProfile;
			sourceTree = "<group>";
		};
		0123B8702AA0C130009D7C7D /* utils */ = {
			isa = PBXGroup;
			children = (
				0123B8712AA0C143009D7C7D /* extensions.swift */,
				01A1809F2AC8874B008A80C2 /* CustomImageView.swift */,
			);
			path = utils;
			sourceTree = "<group>";
		};
		012498392ADD27C400255472 /* Model */ = {
			isa = PBXGroup;
			children = (
				0124983A2ADD27D300255472 /* PostModel.swift */,
			);
			path = Model;
			sourceTree = "<group>";
		};
		0141D5302AC0535F007E2FFD /* SelectPhoto */ = {
			isa = PBXGroup;
			children = (
				0141D5312AC05379007E2FFD /* SelectPhotoViewController.swift */,
				01D1A8912AC145AC00092150 /* SelectPhotoCell.swift */,
				01BA89ED2AC4159B00E0670A /* SelectedImageHeaderCell.swift */,
				013D17C92AC5C36E00AC9745 /* SharePostViewController.swift */,
			);
			path = SelectPhoto;
			sourceTree = "<group>";
		};
		0166B6B22AB4BD0F00359449 /* Login */ = {
			isa = PBXGroup;
			children = (
				0166B6B32AB4BD3200359449 /* LoginViewController.swift */,
				01C121B92AA0652900AA8823 /* SignUpViewController.swift */,
			);
			path = Login;
			sourceTree = "<group>";
		};
		01AB06962AD6C200005E64B7 /* MainViewController */ = {
			isa = PBXGroup;
			children = (
				01AB06972AD6C661005E64B7 /* PostCells */,
				01708B862AA3969D00A151C4 /* PostsViewController.swift */,
			);
			path = MainViewController;
			sourceTree = "<group>";
		};
		01AB06972AD6C661005E64B7 /* PostCells */ = {
			isa = PBXGroup;
			children = (
				01AB06982AD6C673005E64B7 /* PhotoCell.swift */,
			);
			path = PostCells;
			sourceTree = "<group>";
		};
		01C121A92AA0652900AA8823 = {
			isa = PBXGroup;
			children = (
				01C121B42AA0652900AA8823 /* InstagramClone */,
				01C121B32AA0652900AA8823 /* Products */,
			);
			sourceTree = "<group>";
		};
		01C121B32AA0652900AA8823 /* Products */ = {
			isa = PBXGroup;
			children = (
				01C121B22AA0652900AA8823 /* InstagramClone.app */,
			);
			name = Products;
			sourceTree = "<group>";
		};
		01C121B42AA0652900AA8823 /* InstagramClone */ = {
			isa = PBXGroup;
			children = (
				012498392ADD27C400255472 /* Model */,
				01AB06962AD6C200005E64B7 /* MainViewController */,
				0141D5302AC0535F007E2FFD /* SelectPhoto */,
				0166B6B22AB4BD0F00359449 /* Login */,
				010C8D632AACDEAB001674BF /* UserProfile */,
				0123B8702AA0C130009D7C7D /* utils */,
				01C121B52AA0652900AA8823 /* AppDelegate.swift */,
				01C121B72AA0652900AA8823 /* SceneDelegate.swift */,
				01708B822AA38BF100A151C4 /* MainTabBarController.swift */,
				01C121BE2AA0652A00AA8823 /* Assets.xcassets */,
				01C121C02AA0652A00AA8823 /* LaunchScreen.storyboard */,
				01C121C32AA0652A00AA8823 /* Info.plist */,
				01F610AB2ACD981200298FA9 /* GoogleService-Info.plist */,
			);
			path = InstagramClone;
			sourceTree = "<group>";
		};
/* End PBXGroup section */

/* Begin PBXNativeTarget section */
		01C121B12AA0652900AA8823 /* InstagramClone */ = {
			isa = PBXNativeTarget;
			buildConfigurationList = 01C121C62AA0652A00AA8823 /* Build configuration list for PBXNativeTarget "InstagramClone" */;
			buildPhases = (
				01C121AE2AA0652900AA8823 /* Sources */,
				01C121AF2AA0652900AA8823 /* Frameworks */,
				01C121B02AA0652900AA8823 /* Resources */,
			);
			buildRules = (
			);
			dependencies = (
			);
			name = InstagramClone;
			packageProductDependencies = (
				0142C8DC2AA1C987006062C4 /* FirebaseAuth */,
				0142C8DE2AA1C987006062C4 /* FirebaseDatabase */,
				0142C8E02AA1C987006062C4 /* FirebaseStorage */,
			);
			productName = InstagramClone;
			productReference = 01C121B22AA0652900AA8823 /* InstagramClone.app */;
			productType = "com.apple.product-type.application";
		};
/* End PBXNativeTarget section */

/* Begin PBXProject section */
		01C121AA2AA0652900AA8823 /* Project object */ = {
			isa = PBXProject;
			attributes = {
				BuildIndependentTargetsInParallel = 1;
				LastSwiftUpdateCheck = 1430;
				LastUpgradeCheck = 1430;
				TargetAttributes = {
					01C121B12AA0652900AA8823 = {
						CreatedOnToolsVersion = 14.3;
					};
				};
			};
			buildConfigurationList = 01C121AD2AA0652900AA8823 /* Build configuration list for PBXProject "InstagramClone" */;
			compatibilityVersion = "Xcode 14.0";
			developmentRegion = en;
			hasScannedForEncodings = 0;
			knownRegions = (
				en,
				Base,
			);
			mainGroup = 01C121A92AA0652900AA8823;
			packageReferences = (
				0142C8DB2AA1C987006062C4 /* XCRemoteSwiftPackageReference "firebase-ios-sdk" */,
			);
			productRefGroup = 01C121B32AA0652900AA8823 /* Products */;
			projectDirPath = "";
			projectRoot = "";
			targets = (
				01C121B12AA0652900AA8823 /* InstagramClone */,
			);
		};
/* End PBXProject section */

/* Begin PBXResourcesBuildPhase section */
		01C121B02AA0652900AA8823 /* Resources */ = {
			isa = PBXResourcesBuildPhase;
			buildActionMask = 2147483647;
			files = (
				01C121C22AA0652A00AA8823 /* LaunchScreen.storyboard in Resources */,
				01C121BF2AA0652A00AA8823 /* Assets.xcassets in Resources */,
				01F610AC2ACD981200298FA9 /* GoogleService-Info.plist in Resources */,
			);
			runOnlyForDeploymentPostprocessing = 0;
		};
/* End PBXResourcesBuildPhase section */

/* Begin PBXSourcesBuildPhase section */
		01C121AE2AA0652900AA8823 /* Sources */ = {
			isa = PBXSourcesBuildPhase;
			buildActionMask = 2147483647;
			files = (
				013D17CA2AC5C36E00AC9745 /* SharePostViewController.swift in Sources */,
				0166B6B42AB4BD3200359449 /* LoginViewController.swift in Sources */,
				010C8D662AACECD8001674BF /* ProfileHeader.swift in Sources */,
				01708B872AA3969D00A151C4 /* PostsViewController.swift in Sources */,
				0124983B2ADD27D300255472 /* PostModel.swift in Sources */,
				01AB06992AD6C673005E64B7 /* PhotoCell.swift in Sources */,
				01A180A02AC8874B008A80C2 /* CustomImageView.swift in Sources */,
				01708B852AA38D0B00A151C4 /* ProfileViewController.swift in Sources */,
				01C121BA2AA0652900AA8823 /* SignUpViewController.swift in Sources */,
				01A1809C2AC7DF80008A80C2 /* ProfilePostPhotoCell.swift in Sources */,
				01BA89EE2AC4159B00E0670A /* SelectedImageHeaderCell.swift in Sources */,
				01D1A8922AC145AC00092150 /* SelectPhotoCell.swift in Sources */,
				01C121B62AA0652900AA8823 /* AppDelegate.swift in Sources */,
				01708B832AA38BF100A151C4 /* MainTabBarController.swift in Sources */,
				01C121B82AA0652900AA8823 /* SceneDelegate.swift in Sources */,
				0123B8722AA0C143009D7C7D /* extensions.swift in Sources */,
				0141D5322AC05379007E2FFD /* SelectPhotoViewController.swift in Sources */,
			);
			runOnlyForDeploymentPostprocessing = 0;
		};
/* End PBXSourcesBuildPhase section */

/* Begin PBXVariantGroup section */
		01C121C02AA0652A00AA8823 /* LaunchScreen.storyboard */ = {
			isa = PBXVariantGroup;
			children = (
				01C121C12AA0652A00AA8823 /* Base */,
			);
			name = LaunchScreen.storyboard;
			sourceTree = "<group>";
		};
/* End PBXVariantGroup section */

/* Begin XCBuildConfiguration section */
		01C121C42AA0652A00AA8823 /* Debug */ = {
			isa = XCBuildConfiguration;
			buildSettings = {
				ALWAYS_SEARCH_USER_PATHS = NO;
				CLANG_ANALYZER_NONNULL = YES;
				CLANG_ANALYZER_NUMBER_OBJECT_CONVERSION = YES_AGGRESSIVE;
				CLANG_CXX_LANGUAGE_STANDARD = "gnu++20";
				CLANG_ENABLE_MODULES = YES;
				CLANG_ENABLE_OBJC_ARC = YES;
				CLANG_ENABLE_OBJC_WEAK = YES;
				CLANG_WARN_BLOCK_CAPTURE_AUTORELEASING = YES;
				CLANG_WARN_BOOL_CONVERSION = YES;
				CLANG_WARN_COMMA = YES;
				CLANG_WARN_CONSTANT_CONVERSION = YES;
				CLANG_WARN_DEPRECATED_OBJC_IMPLEMENTATIONS = YES;
				CLANG_WARN_DIRECT_OBJC_ISA_USAGE = YES_ERROR;
				CLANG_WARN_DOCUMENTATION_COMMENTS = YES;
				CLANG_WARN_EMPTY_BODY = YES;
				CLANG_WARN_ENUM_CONVERSION = YES;
				CLANG_WARN_INFINITE_RECURSION = YES;
				CLANG_WARN_INT_CONVERSION = YES;
				CLANG_WARN_NON_LITERAL_NULL_CONVERSION = YES;
				CLANG_WARN_OBJC_IMPLICIT_RETAIN_SELF = YES;
				CLANG_WARN_OBJC_LITERAL_CONVERSION = YES;
				CLANG_WARN_OBJC_ROOT_CLASS = YES_ERROR;
				CLANG_WARN_QUOTED_INCLUDE_IN_FRAMEWORK_HEADER = YES;
				CLANG_WARN_RANGE_LOOP_ANALYSIS = YES;
				CLANG_WARN_STRICT_PROTOTYPES = YES;
				CLANG_WARN_SUSPICIOUS_MOVE = YES;
				CLANG_WARN_UNGUARDED_AVAILABILITY = YES_AGGRESSIVE;
				CLANG_WARN_UNREACHABLE_CODE = YES;
				CLANG_WARN__DUPLICATE_METHOD_MATCH = YES;
				COPY_PHASE_STRIP = NO;
				DEBUG_INFORMATION_FORMAT = dwarf;
				ENABLE_STRICT_OBJC_MSGSEND = YES;
				ENABLE_TESTABILITY = YES;
				GCC_C_LANGUAGE_STANDARD = gnu11;
				GCC_DYNAMIC_NO_PIC = NO;
				GCC_NO_COMMON_BLOCKS = YES;
				GCC_OPTIMIZATION_LEVEL = 0;
				GCC_PREPROCESSOR_DEFINITIONS = (
					"DEBUG=1",
					"$(inherited)",
				);
				GCC_WARN_64_TO_32_BIT_CONVERSION = YES;
				GCC_WARN_ABOUT_RETURN_TYPE = YES_ERROR;
				GCC_WARN_UNDECLARED_SELECTOR = YES;
				GCC_WARN_UNINITIALIZED_AUTOS = YES_AGGRESSIVE;
				GCC_WARN_UNUSED_FUNCTION = YES;
				GCC_WARN_UNUSED_VARIABLE = YES;
				IPHONEOS_DEPLOYMENT_TARGET = 16.4;
				MTL_ENABLE_DEBUG_INFO = INCLUDE_SOURCE;
				MTL_FAST_MATH = YES;
				ONLY_ACTIVE_ARCH = YES;
				SDKROOT = iphoneos;
				SWIFT_ACTIVE_COMPILATION_CONDITIONS = DEBUG;
				SWIFT_OPTIMIZATION_LEVEL = "-Onone";
			};
			name = Debug;
		};
		01C121C52AA0652A00AA8823 /* Release */ = {
			isa = XCBuildConfiguration;
			buildSettings = {
				ALWAYS_SEARCH_USER_PATHS = NO;
				CLANG_ANALYZER_NONNULL = YES;
				CLANG_ANALYZER_NUMBER_OBJECT_CONVERSION = YES_AGGRESSIVE;
				CLANG_CXX_LANGUAGE_STANDARD = "gnu++20";
				CLANG_ENABLE_MODULES = YES;
				CLANG_ENABLE_OBJC_ARC = YES;
				CLANG_ENABLE_OBJC_WEAK = YES;
				CLANG_WARN_BLOCK_CAPTURE_AUTORELEASING = YES;
				CLANG_WARN_BOOL_CONVERSION = YES;
				CLANG_WARN_COMMA = YES;
				CLANG_WARN_CONSTANT_CONVERSION = YES;
				CLANG_WARN_DEPRECATED_OBJC_IMPLEMENTATIONS = YES;
				CLANG_WARN_DIRECT_OBJC_ISA_USAGE = YES_ERROR;
				CLANG_WARN_DOCUMENTATION_COMMENTS = YES;
				CLANG_WARN_EMPTY_BODY = YES;
				CLANG_WARN_ENUM_CONVERSION = YES;
				CLANG_WARN_INFINITE_RECURSION = YES;
				CLANG_WARN_INT_CONVERSION = YES;
				CLANG_WARN_NON_LITERAL_NULL_CONVERSION = YES;
				CLANG_WARN_OBJC_IMPLICIT_RETAIN_SELF = YES;
				CLANG_WARN_OBJC_LITERAL_CONVERSION = YES;
				CLANG_WARN_OBJC_ROOT_CLASS = YES_ERROR;
				CLANG_WARN_QUOTED_INCLUDE_IN_FRAMEWORK_HEADER = YES;
				CLANG_WARN_RANGE_LOOP_ANALYSIS = YES;
				CLANG_WARN_STRICT_PROTOTYPES = YES;
				CLANG_WARN_SUSPICIOUS_MOVE = YES;
				CLANG_WARN_UNGUARDED_AVAILABILITY = YES_AGGRESSIVE;
				CLANG_WARN_UNREACHABLE_CODE = YES;
				CLANG_WARN__DUPLICATE_METHOD_MATCH = YES;
				COPY_PHASE_STRIP = NO;
				DEBUG_INFORMATION_FORMAT = "dwarf-with-dsym";
				ENABLE_NS_ASSERTIONS = NO;
				ENABLE_STRICT_OBJC_MSGSEND = YES;
				GCC_C_LANGUAGE_STANDARD = gnu11;
				GCC_NO_COMMON_BLOCKS = YES;
				GCC_WARN_64_TO_32_BIT_CONVERSION = YES;
				GCC_WARN_ABOUT_RETURN_TYPE = YES_ERROR;
				GCC_WARN_UNDECLARED_SELECTOR = YES;
				GCC_WARN_UNINITIALIZED_AUTOS = YES_AGGRESSIVE;
				GCC_WARN_UNUSED_FUNCTION = YES;
				GCC_WARN_UNUSED_VARIABLE = YES;
				IPHONEOS_DEPLOYMENT_TARGET = 16.4;
				MTL_ENABLE_DEBUG_INFO = NO;
				MTL_FAST_MATH = YES;
				SDKROOT = iphoneos;
				SWIFT_COMPILATION_MODE = wholemodule;
				SWIFT_OPTIMIZATION_LEVEL = "-O";
				VALIDATE_PRODUCT = YES;
			};
			name = Release;
		};
		01C121C72AA0652A00AA8823 /* Debug */ = {
			isa = XCBuildConfiguration;
			buildSettings = {
				ASSETCATALOG_COMPILER_APPICON_NAME = AppIcon;
				ASSETCATALOG_COMPILER_GLOBAL_ACCENT_COLOR_NAME = AccentColor;
				CODE_SIGN_STYLE = Automatic;
				CURRENT_PROJECT_VERSION = 1;
				DEVELOPMENT_TEAM = Z365QJ5AMW;
				GENERATE_INFOPLIST_FILE = YES;
				INFOPLIST_FILE = InstagramClone/Info.plist;
				INFOPLIST_KEY_UIApplicationSupportsIndirectInputEvents = YES;
				INFOPLIST_KEY_UILaunchStoryboardName = LaunchScreen;
				INFOPLIST_KEY_UISupportedInterfaceOrientations_iPad = "UIInterfaceOrientationPortrait UIInterfaceOrientationPortraitUpsideDown UIInterfaceOrientationLandscapeLeft UIInterfaceOrientationLandscapeRight";
				INFOPLIST_KEY_UISupportedInterfaceOrientations_iPhone = "UIInterfaceOrientationPortrait UIInterfaceOrientationLandscapeLeft UIInterfaceOrientationLandscapeRight";
				IPHONEOS_DEPLOYMENT_TARGET = 16.1;
				LD_RUNPATH_SEARCH_PATHS = (
					"$(inherited)",
					"@executable_path/Frameworks",
				);
				MARKETING_VERSION = 1.0;
				PRODUCT_BUNDLE_IDENTIFIER = prod.InstagramClone;
				PRODUCT_NAME = "$(TARGET_NAME)";
				SWIFT_EMIT_LOC_STRINGS = YES;
				SWIFT_VERSION = 5.0;
				TARGETED_DEVICE_FAMILY = "1,2";
			};
			name = Debug;
		};
		01C121C82AA0652A00AA8823 /* Release */ = {
			isa = XCBuildConfiguration;
			buildSettings = {
				ASSETCATALOG_COMPILER_APPICON_NAME = AppIcon;
				ASSETCATALOG_COMPILER_GLOBAL_ACCENT_COLOR_NAME = AccentColor;
				CODE_SIGN_STYLE = Automatic;
				CURRENT_PROJECT_VERSION = 1;
				DEVELOPMENT_TEAM = Z365QJ5AMW;
				GENERATE_INFOPLIST_FILE = YES;
				INFOPLIST_FILE = InstagramClone/Info.plist;
				INFOPLIST_KEY_UIApplicationSupportsIndirectInputEvents = YES;
				INFOPLIST_KEY_UILaunchStoryboardName = LaunchScreen;
				INFOPLIST_KEY_UISupportedInterfaceOrientations_iPad = "UIInterfaceOrientationPortrait UIInterfaceOrientationPortraitUpsideDown UIInterfaceOrientationLandscapeLeft UIInterfaceOrientationLandscapeRight";
				INFOPLIST_KEY_UISupportedInterfaceOrientations_iPhone = "UIInterfaceOrientationPortrait UIInterfaceOrientationLandscapeLeft UIInterfaceOrientationLandscapeRight";
				IPHONEOS_DEPLOYMENT_TARGET = 16.1;
				LD_RUNPATH_SEARCH_PATHS = (
					"$(inherited)",
					"@executable_path/Frameworks",
				);
				MARKETING_VERSION = 1.0;
				PRODUCT_BUNDLE_IDENTIFIER = prod.InstagramClone;
				PRODUCT_NAME = "$(TARGET_NAME)";
				SWIFT_EMIT_LOC_STRINGS = YES;
				SWIFT_VERSION = 5.0;
				TARGETED_DEVICE_FAMILY = "1,2";
			};
			name = Release;
		};
/* End XCBuildConfiguration section */

/* Begin XCConfigurationList section */
		01C121AD2AA0652900AA8823 /* Build configuration list for PBXProject "InstagramClone" */ = {
			isa = XCConfigurationList;
			buildConfigurations = (
				01C121C42AA0652A00AA8823 /* Debug */,
				01C121C52AA0652A00AA8823 /* Release */,
			);
			defaultConfigurationIsVisible = 0;
			defaultConfigurationName = Release;
		};
		01C121C62AA0652A00AA8823 /* Build configuration list for PBXNativeTarget "InstagramClone" */ = {
			isa = XCConfigurationList;
			buildConfigurations = (
				01C121C72AA0652A00AA8823 /* Debug */,
				01C121C82AA0652A00AA8823 /* Release */,
			);
			defaultConfigurationIsVisible = 0;
			defaultConfigurationName = Release;
		};
/* End XCConfigurationList section */

/* Begin XCRemoteSwiftPackageReference section */
		0142C8DB2AA1C987006062C4 /* XCRemoteSwiftPackageReference "firebase-ios-sdk" */ = {
			isa = XCRemoteSwiftPackageReference;
			repositoryURL = "https://github.com/firebase/firebase-ios-sdk";
			requirement = {
				kind = upToNextMajorVersion;
				minimumVersion = 10.0.0;
			};
		};
/* End XCRemoteSwiftPackageReference section */

/* Begin XCSwiftPackageProductDependency section */
		0142C8DC2AA1C987006062C4 /* FirebaseAuth */ = {
			isa = XCSwiftPackageProductDependency;
			package = 0142C8DB2AA1C987006062C4 /* XCRemoteSwiftPackageReference "firebase-ios-sdk" */;
			productName = FirebaseAuth;
		};
		0142C8DE2AA1C987006062C4 /* FirebaseDatabase */ = {
			isa = XCSwiftPackageProductDependency;
			package = 0142C8DB2AA1C987006062C4 /* XCRemoteSwiftPackageReference "firebase-ios-sdk" */;
			productName = FirebaseDatabase;
		};
		0142C8E02AA1C987006062C4 /* FirebaseStorage */ = {
			isa = XCSwiftPackageProductDependency;
			package = 0142C8DB2AA1C987006062C4 /* XCRemoteSwiftPackageReference "firebase-ios-sdk" */;
			productName = FirebaseStorage;
		};
/* End XCSwiftPackageProductDependency section */
	};
	rootObject = 01C121AA2AA0652900AA8823 /* Project object */;
}
